
Microsoft Visual Studio Solution File, Format Version 12.00
# Visual Studio Version 17
VisualStudioVersion = 17.0.31903.59
MinimumVisualStudioVersion = 10.0.40219.1
Project("{2150E333-8FDC-42A3-9474-1A3956D46DE8}") = "src", "src", "{43FC0295-6611-45AF-96F8-549CAEEA48F5}"
EndProject
Project("{FAE04EC0-301F-11D3-BF4B-00C04F79EFBC}") = "Domain", "src\Domain\Domain.csproj", "{B9277F3B-56E6-470E-9968-270805806C6D}"
EndProject
Project("{FAE04EC0-301F-11D3-BF4B-00C04F79EFBC}") = "Infrastructure", "src\Infrastructure\Infrastructure.csproj", "{DA0390AC-6DAA-46C1-AD56-5B28E3CEE893}"
EndProject
Project("{FAE04EC0-301F-11D3-BF4B-00C04F79EFBC}") = "Application", "src\Application\Application.csproj", "{C217F482-3262-4E75-AF24-DDCA6DEB4412}"
EndProject
Project("{FAE04EC0-301F-11D3-BF4B-00C04F79EFBC}") = "Web.Api", "src\Web.Api\Web.Api.csproj", "{F895A1D9-FEAC-4A16-84C4-9785E4C624B4}"
EndProject
Global
	GlobalSection(SolutionConfigurationPlatforms) = preSolution
		Debug|Any CPU = Debug|Any CPU
		Release|Any CPU = Release|Any CPU
	EndGlobalSection
	GlobalSection(SolutionProperties) = preSolution
		HideSolutionNode = FALSE
	EndGlobalSection
	GlobalSection(ProjectConfigurationPlatforms) = postSolution
		{B9277F3B-56E6-470E-9968-270805806C6D}.Debug|Any CPU.ActiveCfg = Debug|Any CPU
		{B9277F3B-56E6-470E-9968-270805806C6D}.Debug|Any CPU.Build.0 = Debug|Any CPU
		{B9277F3B-56E6-470E-9968-270805806C6D}.Release|Any CPU.ActiveCfg = Release|Any CPU
		{B9277F3B-56E6-470E-9968-270805806C6D}.Release|Any CPU.Build.0 = Release|Any CPU
		{DA0390AC-6DAA-46C1-AD56-5B28E3CEE893}.Debug|Any CPU.ActiveCfg = Debug|Any CPU
		{DA0390AC-6DAA-46C1-AD56-5B28E3CEE893}.Debug|Any CPU.Build.0 = Debug|Any CPU
		{DA0390AC-6DAA-46C1-AD56-5B28E3CEE893}.Release|Any CPU.ActiveCfg = Release|Any CPU
		{DA0390AC-6DAA-46C1-AD56-5B28E3CEE893}.Release|Any CPU.Build.0 = Release|Any CPU
		{C217F482-3262-4E75-AF24-DDCA6DEB4412}.Debug|Any CPU.ActiveCfg = Debug|Any CPU
		{C217F482-3262-4E75-AF24-DDCA6DEB4412}.Debug|Any CPU.Build.0 = Debug|Any CPU
		{C217F482-3262-4E75-AF24-DDCA6DEB4412}.Release|Any CPU.ActiveCfg = Release|Any CPU
		{C217F482-3262-4E75-AF24-DDCA6DEB4412}.Release|Any CPU.Build.0 = Release|Any CPU
		{F895A1D9-FEAC-4A16-84C4-9785E4C624B4}.Debug|Any CPU.ActiveCfg = Debug|Any CPU
		{F895A1D9-FEAC-4A16-84C4-9785E4C624B4}.Debug|Any CPU.Build.0 = Debug|Any CPU
		{F895A1D9-FEAC-4A16-84C4-9785E4C624B4}.Release|Any CPU.ActiveCfg = Release|Any CPU
		{F895A1D9-FEAC-4A16-84C4-9785E4C624B4}.Release|Any CPU.Build.0 = Release|Any CPU
	EndGlobalSection
	GlobalSection(NestedProjects) = preSolution
		{B9277F3B-56E6-470E-9968-270805806C6D} = {43FC0295-6611-45AF-96F8-549CAEEA48F5}
		{DA0390AC-6DAA-46C1-AD56-5B28E3CEE893} = {43FC0295-6611-45AF-96F8-549CAEEA48F5}
		{C217F482-3262-4E75-AF24-DDCA6DEB4412} = {43FC0295-6611-45AF-96F8-549CAEEA48F5}
		{F895A1D9-FEAC-4A16-84C4-9785E4C624B4} = {43FC0295-6611-45AF-96F8-549CAEEA48F5}
	EndGlobalSection
EndGlobal
